dependencies:
- name: dex
  repository: https://charts.dexidp.io
  version: 0.25.2
- name: oauth2-proxy
  repository: https://oauth2-proxy.github.io/manifests
  version: 10.7.1
- name: cartograph
  repository: oci://ghcr.io/projectcartograph/charts
  version: 2.6.0
digest: sha256:7aaa5104fe8eba04b63860b12036bbc2482e2701d9d3ba1d16ecf2eb56f163a0
generated: "2026-10-02T18:16:27.153975-04:00"
