dependencies:
- name: dex
  repository: https://charts.dexidp.io
  version: 0.25.2
- name: oauth2-proxy
  repository: https://oauth2-proxy.github.io/manifests
  version: 10.7.1
- name: cartograph
  repository: oci://ghcr.io/projectcartograph/charts
  version: 2.3.0
digest: sha256:9c08f87e3bf7996fc7754db7a6bde6d31a6d8475dc04956a9597a1a0dc7b2a02
generated: "2026-10-02T07:44:15.392935674-04:00"
